
Microsoft Visual Studio Solution File, Format Version 12.00
# Visual Studio Version 16
VisualStudioVersion = 16.0.30804.86
MinimumVisualStudioVersion = 10.0.40219.1
Project("{FAE04EC0-301F-11D3-BF4B-00C04F79EFBC}") = "BaseApiService", "BaseApiService\BaseApiService.csproj", "{08434040-C747-4DC6-B5A6-FA678AECC369}"
EndProject
Global
	GlobalSection(SolutionConfigurationPlatforms) = preSolution
		Debug|Any CPU = Debug|Any CPU
		Release|Any CPU = Release|Any CPU
	EndGlobalSection
	GlobalSection(ProjectConfigurationPlatforms) = postSolution
		{08434040-C747-4DC6-B5A6-FA678AECC369}.Debug|Any CPU.ActiveCfg = Debug|Any CPU
		{08434040-C747-4DC6-B5A6-FA678AECC369}.Debug|Any CPU.Build.0 = Debug|Any CPU
		{08434040-C747-4DC6-B5A6-FA678AECC369}.Release|Any CPU.ActiveCfg = Release|Any CPU
		{08434040-C747-4DC6-B5A6-FA678AECC369}.Release|Any CPU.Build.0 = Release|Any CPU
	EndGlobalSection
	GlobalSection(SolutionProperties) = preSolution
		HideSolutionNode = FALSE
	EndGlobalSection
	GlobalSection(ExtensibilityGlobals) = postSolution
		SolutionGuid = {A632FFC5-9C2C-4601-AAC4-AC33700359D3}
	EndGlobalSection
EndGlobal
